# This file is automatically @generated by Cargo.
# It is not intended for manual editing.
version = 4

[[package]]
name = "use-event-simulation"
version = "0.0.1"

[[package]]
name = "use-monte-carlo"
version = "0.0.1"
dependencies = [
 "use-seed",
]

[[package]]
name = "use-random-walk"
version = "0.0.1"
dependencies = [
 "use-seed",
]

[[package]]
name = "use-seed"
version = "0.0.1"

[[package]]
name = "use-simulation"
version = "0.0.1"
dependencies = [
 "use-event-simulation",
 "use-monte-carlo",
 "use-random-walk",
 "use-seed",
 "use-simulation-clock",
 "use-simulation-result",
 "use-state-step",
]

[[package]]
name = "use-simulation-clock"
version = "0.0.1"

[[package]]
name = "use-simulation-result"
version = "0.0.1"

[[package]]
name = "use-state-step"
version = "0.0.1"
